
Microsoft Visual Studio Solution File, Format Version 12.00
# Visual Studio 15
VisualStudioVersion = 15.0.28307.106
MinimumVisualStudioVersion = 10.0.40219.1
Project("{FAE04EC0-301F-11D3-BF4B-00C04F79EFBC}") = "csharp 7.3", "csharp 7.3\csharp 7.3.csproj", "{FE90CC79-A7A3-44F3-ACE4-5C60C2CA8CF5}"
EndProject
Global
	GlobalSection(SolutionConfigurationPlatforms) = preSolution
		Debug|Any CPU = Debug|Any CPU
		Release|Any CPU = Release|Any CPU
	EndGlobalSection
	GlobalSection(ProjectConfigurationPlatforms) = postSolution
		{FE90CC79-A7A3-44F3-ACE4-5C60C2CA8CF5}.Debug|Any CPU.ActiveCfg = Debug|Any CPU
		{FE90CC79-A7A3-44F3-ACE4-5C60C2CA8CF5}.Debug|Any CPU.Build.0 = Debug|Any CPU
		{FE90CC79-A7A3-44F3-ACE4-5C60C2CA8CF5}.Release|Any CPU.ActiveCfg = Release|Any CPU
		{FE90CC79-A7A3-44F3-ACE4-5C60C2CA8CF5}.Release|Any CPU.Build.0 = Release|Any CPU
	EndGlobalSection
	GlobalSection(SolutionProperties) = preSolution
		HideSolutionNode = FALSE
	EndGlobalSection
	GlobalSection(ExtensibilityGlobals) = postSolution
		SolutionGuid = {1A9CAD0B-CCB7-4850-91D8-E2F94B1B0EA9}
	EndGlobalSection
EndGlobal
